// !$*UTF8*$!
{
	archiveVersion = 1;
	classes = {
	};
	objectVersion = 46;
	objects = {

/* Begin PBXBuildFile section */
		FBF9E2C71E987CCF0077782E /* AppDelegate.swift in Sources */ = {isa = PBXBuildFile; fileRef = FBF9E2C61E987CCF0077782E /* AppDelegate.swift */; };
		FBF9E2C91E987CCF0077782E /* ViewController.swift in Sources */ = {isa = PBXBuildFile; fileRef = FBF9E2C81E987CCF0077782E /* ViewController.swift */; };
		FBF9E2CC1E987CCF0077782E /* Main.storyboard in Resources */ = {isa = PBXBuildFile; fileRef = FBF9E2CA1E987CCF0077782E /* Main.storyboard */; };
		FBF9E2CE1E987CCF0077782E /* Assets.xcassets in Resources */ = {isa = PBXBuildFile; fileRef = FBF9E2CD1E987CCF0077782E /* Assets.xcassets */; };
		FBF9E2D11E987CCF0077782E /* LaunchScreen.storyboard in Resources */ = {isa = PBXBuildFile; fileRef = FBF9E2CF1E987CCF0077782E /* LaunchScreen.storyboard */; };
/* End PBXBuildFile section */

/* Begin PBXFileReference section */
		FBF9E2C31E987CCF0077782E /* Quizgame.app */ = {isa = PBXFileReference; explicitFileType = wrapper.application; includeInIndex = 0; path = Quizgame.app; sourceTree = BUILT_PRODUCTS_DIR; };
		FBF9E2C61E987CCF0077782E /* AppDelegate.swift */ = {isa = PBXFileReference; lastKnownFileType = sourcecode.swift; path = AppDelegate.swift; sourceTree = "<group>"; };
		FBF9E2C81E987CCF0077782E /* ViewController.swift */ = {isa = PBXFileReference; lastKnownFileType = sourcecode.swift; path = ViewController.swift; sourceTree = "<group>"; };
		FBF9E2CB1E987CCF0077782E /* Base */ = {isa = PBXFileReference; lastKnownFileType = file.storyboard; name = Base; path = Base.lproj/Main.storyboard; sourceTree = "<group>"; };
		FBF9E2CD1E987CCF0077782E /* Assets.xcassets */ = {isa = PBXFileReference; lastKnownFileType = folder.assetcatalog; path = Assets.xcassets; sourceTree = "<group>"; };
		FBF9E2D01E987CCF0077782E /* Base */ = {isa = PBXFileReference; lastKnownFileType = file.storyboard; name = Base; path = Base.lproj/LaunchScreen.storyboard; sourceTree = "<group>"; };
		FBF9E2D21E987CCF0077782E /* Info.plist */ = {isa = PBXFileReference; lastKnownFileType = text.plist.xml; path = Info.plist; sourceTree = "<group>"; };
/* End PBXFileReference section */

/* Begin PBXFrameworksBuildPhase section */
		FBF9E2C01E987CCF0077782E /* Frameworks */ = {
			isa = PBXFrameworksBuildPhase;
			buildActionMask = 2147483647;
			files = (
			);
			runOnlyForDeploymentPostprocessing = 0;
		};
/* End PBXFrameworksBuildPhase section */

/* Begin PBXGroup section */
		FBF9E2BA1E987CCF0077782E = {
			isa = PBXGroup;
			children = (
				FBF9E2C51E987CCF0077782E /* Quizgame */,
				FBF9E2C41E987CCF0077782E /* Products */,
			);
			sourceTree = "<group>";
		};
		FBF9E2C41E987CCF0077782E /* Products */ = {
			isa = PBXGroup;
			children = (
				FBF9E2C31E987CCF0077782E /* Quizgame.app */,
			);
			name = Products;
			sourceTree = "<group>";
		};
		FBF9E2C51E987CCF0077782E /* Quizgame */ = {
			isa = PBXGroup;
			children = (
				FBF9E2C61E987CCF0077782E /* AppDelegate.swift */,
				FBF9E2C81E987CCF0077782E /* ViewController.swift */,
				FBF9E2CA1E987CCF0077782E /* Main.storyboard */,
				FBF9E2CD1E987CCF0077782E /* Assets.xcassets */,
				FBF9E2CF1E987CCF0077782E /* LaunchScreen.storyboard */,
				FBF9E2D21E987CCF0077782E /* Info.plist */,
			);
			path = Quizgame;
			sourceTree = "<group>";
		};
/* End PBXGroup section */

/* Begin PBXNativeTarget section */
		FBF9E2C21E987CCF0077782E /* Quizgame */ = {
			isa = PBXNativeTarget;
			buildConfigurationList = FBF9E2D51E987CCF0077782E /* Build configuration list for PBXNativeTarget "Quizgame" */;
			buildPhases = (
				FBF9E2BF1E987CCF0077782E /* Sources */,
				FBF9E2C01E987CCF0077782E /* Frameworks */,
				FBF9E2C11E987CCF0077782E /* Resources */,
			);
			buildRules = (
			);
			dependencies = (
			);
			name = Quizgame;
			productName = Quizgame;
			productReference = FBF9E2C31E987CCF0077782E /* Quizgame.app */;
			productType = "com.apple.product-type.application";
		};
/* End PBXNativeTarget section */

/* Begin PBXProject section */
		FBF9E2BB1E987CCF0077782E /* Project object */ = {
			isa = PBXProject;
			attributes = {
				LastSwiftUpdateCheck = 0830;
				LastUpgradeCheck = 0830;
				ORGANIZATIONNAME = ThanhKhoa;
				TargetAttributes = {
					FBF9E2C21E987CCF0077782E = {
						CreatedOnToolsVersion = 8.3;
						ProvisioningStyle = Automatic;
					};
				};
			};
			buildConfigurationList = FBF9E2BE1E987CCF0077782E /* Build configuration list for PBXProject "Quizgame" */;
			compatibilityVersion = "Xcode 3.2";
			developmentRegion = English;
			hasScannedForEncodings = 0;
			knownRegions = (
				en,
				Base,
			);
			mainGroup = FBF9E2BA1E987CCF0077782E;
			productRefGroup = FBF9E2C41E987CCF0077782E /* Products */;
			projectDirPath = "";
			projectRoot = "";
			targets = (
				FBF9E2C21E987CCF0077782E /* Quizgame */,
			);
		};
/* End PBXProject section */

/* Begin PBXResourcesBuildPhase section */
		FBF9E2C11E987CCF0077782E /* Resources */ = {
			isa = PBXResourcesBuildPhase;
			buildActionMask = 2147483647;
			files = (
				FBF9E2D11E987CCF0077782E /* LaunchScreen.storyboard in Resources */,
				FBF9E2CE1E987CCF0077782E /* Assets.xcassets in Resources */,
				FBF9E2CC1E987CCF0077782E /* Main.storyboard in Resources */,
			);
			runOnlyForDeploymentPostprocessing = 0;
		};
/* End PBXResourcesBuildPhase section */

/* Begin PBXSourcesBuildPhase section */
		FBF9E2BF1E987CCF0077782E /* Sources */ = {
			isa = PBXSourcesBuildPhase;
			buildActionMask = 2147483647;
			files = (
				FBF9E2C91E987CCF0077782E /* ViewController.swift in Sources */,
				FBF9E2C71E987CCF0077782E /* AppDelegate.swift in Sources */,
			);
			runOnlyForDeploymentPostprocessing = 0;
		};
/* End PBXSourcesBuildPhase section */

/* Begin PBXVariantGroup section */
		FBF9E2CA1E987CCF0077782E /* Main.storyboard */ = {
			isa = PBXVariantGroup;
			children = (
				FBF9E2CB1E987CCF0077782E /* Base */,
			);
			name = Main.storyboard;
			sourceTree = "<group>";
		};
		FBF9E2CF1E987CCF0077782E /* LaunchScreen.storyboard */ = {
			isa = PBXVariantGroup;
			children = (
				FBF9E2D01E987CCF0077782E /* Base */,
			);
			name = LaunchScreen.storyboard;
			sourceTree = "<group>";
		};
/* End PBXVariantGroup section */

/* Begin XCBuildConfiguration section */
		FBF9E2D31E987CCF0077782E /* Debug */ = {
			isa = XCBuildConfiguration;
			buildSettings = {
				ALWAYS_SEARCH_USER_PATHS = NO;
				CLANG_ANALYZER_NONNULL = YES;
				CLANG_ANALYZER_NUMBER_OBJECT_CONVERSION = YES_AGGRESSIVE;
				CLANG_CXX_LANGUAGE_STANDARD = "gnu++0x";
				CLANG_CXX_LIBRARY = "libc++";
				CLANG_ENABLE_MODULES = YES;
				CLANG_ENABLE_OBJC_ARC = YES;
				CLANG_WARN_BOOL_CONVERSION = YES;
				CLANG_WARN_CONSTANT_CONVERSION = YES;
				CLANG_WARN_DIRECT_OBJC_ISA_USAGE = YES_ERROR;
				CLANG_WARN_DOCUMENTATION_COMMENTS = YES;
				CLANG_WARN_EMPTY_BODY = YES;
				CLANG_WARN_ENUM_CONVERSION = YES;
				CLANG_WARN_INFINITE_RECURSION = YES;
				CLANG_WARN_INT_CONVERSION = YES;
				CLANG_WARN_OBJC_ROOT_CLASS = YES_ERROR;
				CLANG_WARN_SUSPICIOUS_MOVE = YES;
				CLANG_WARN_UNREACHABLE_CODE = YES;
				CLANG_WARN__DUPLICATE_METHOD_MATCH = YES;
				"CODE_SIGN_IDENTITY[sdk=iphoneos*]" = "iPhone Developer";
				COPY_PHASE_STRIP = NO;
				DEBUG_INFORMATION_FORMAT = dwarf;
				ENABLE_STRICT_OBJC_MSGSEND = YES;
				ENABLE_TESTABILITY = YES;
				GCC_C_LANGUAGE_STANDARD = gnu99;
				GCC_DYNAMIC_NO_PIC = NO;
				GCC_NO_COMMON_BLOCKS = YES;
				GCC_OPTIMIZATION_LEVEL = 0;
				GCC_PREPROCESSOR_DEFINITIONS = (
					"DEBUG=1",
					"$(inherited)",
				);
				GCC_WARN_64_TO_32_BIT_CONVERSION = YES;
				GCC_WARN_ABOUT_RETURN_TYPE = YES_ERROR;
				GCC_WARN_UNDECLARED_SELECTOR = YES;
				GCC_WARN_UNINITIALIZED_AUTOS = YES_AGGRESSIVE;
				GCC_WARN_UNUSED_FUNCTION = YES;
				GCC_WARN_UNUSED_VARIABLE = YES;
				IPHONEOS_DEPLOYMENT_TARGET = 10.3;
				MTL_ENABLE_DEBUG_INFO = YES;
				ONLY_ACTIVE_ARCH = YES;
				SDKROOT = iphoneos;
				SWIFT_ACTIVE_COMPILATION_CONDITIONS = DEBUG;
				SWIFT_OPTIMIZATION_LEVEL = "-Onone";
				TARGETED_DEVICE_FAMILY = "1,2";
			};
			name = Debug;
		};
		FBF9E2D41E987CCF0077782E /* Release */ = {
			isa = XCBuildConfiguration;
			buildSettings = {
				ALWAYS_SEARCH_USER_PATHS = NO;
				CLANG_ANALYZER_NONNULL = YES;
				CLANG_ANALYZER_NUMBER_OBJECT_CONVERSION = YES_AGGRESSIVE;
				CLANG_CXX_LANGUAGE_STANDARD = "gnu++0x";
				CLANG_CXX_LIBRARY = "libc++";
				CLANG_ENABLE_MODULES = YES;
				CLANG_ENABLE_OBJC_ARC = YES;
				CLANG_WARN_BOOL_CONVERSION = YES;
				CLANG_WARN_CONSTANT_CONVERSION = YES;
				CLANG_WARN_DIRECT_OBJC_ISA_USAGE = YES_ERROR;
				CLANG_WARN_DOCUMENTATION_COMMENTS = YES;
				CLANG_WARN_EMPTY_BODY = YES;
				CLANG_WARN_ENUM_CONVERSION = YES;
				CLANG_WARN_INFINITE_RECURSION = YES;
				CLANG_WARN_INT_CONVERSION = YES;
				CLANG_WARN_OBJC_ROOT_CLASS = YES_ERROR;
				CLANG_WARN_SUSPICIOUS_MOVE = YES;
				CLANG_WARN_UNREACHABLE_CODE = YES;
				CLANG_WARN__DUPLICATE_METHOD_MATCH = YES;
				"CODE_SIGN_IDENTITY[sdk=iphoneos*]" = "iPhone Developer";
				COPY_PHASE_STRIP = NO;
				DEBUG_INFORMATION_FORMAT = "dwarf-with-dsym";
				ENABLE_NS_ASSERTIONS = NO;
				ENABLE_STRICT_OBJC_MSGSEND = YES;
				GCC_C_LANGUAGE_STANDARD = gnu99;
				GCC_NO_COMMON_BLOCKS = YES;
				GCC_WARN_64_TO_32_BIT_CONVERSION = YES;
				GCC_WARN_ABOUT_RETURN_TYPE = YES_ERROR;
				GCC_WARN_UNDECLARED_SELECTOR = YES;
				GCC_WARN_UNINITIALIZED_AUTOS = YES_AGGRESSIVE;
				GCC_WARN_UNUSED_FUNCTION = YES;
				GCC_WARN_UNUSED_VARIABLE = YES;
				IPHONEOS_DEPLOYMENT_TARGET = 10.3;
				MTL_ENABLE_DEBUG_INFO = NO;
				SDKROOT = iphoneos;
				SWIFT_OPTIMIZATION_LEVEL = "-Owholemodule";
				TARGETED_DEVICE_FAMILY = "1,2";
				VALIDATE_PRODUCT = YES;
			};
			name = Release;
		};
		FBF9E2D61E987CCF0077782E /* Debug */ = {
			isa = XCBuildConfiguration;
			buildSettings = {
				ASSETCATALOG_COMPILER_APPICON_NAME = AppIcon;
				INFOPLIST_FILE = Quizgame/Info.plist;
				LD_RUNPATH_SEARCH_PATHS = "$(inherited) @executable_path/Frameworks";
				PRODUCT_BUNDLE_IDENTIFIER = HCMUTE.Quizgame;
				PRODUCT_NAME = "$(TARGET_NAME)";
				SWIFT_VERSION = 3.0;
			};
			name = Debug;
		};
		FBF9E2D71E987CCF0077782E /* Release */ = {
			isa = XCBuildConfiguration;
			buildSettings = {
				ASSETCATALOG_COMPILER_APPICON_NAME = AppIcon;
				INFOPLIST_FILE = Quizgame/Info.plist;
				LD_RUNPATH_SEARCH_PATHS = "$(inherited) @executable_path/Frameworks";
				PRODUCT_BUNDLE_IDENTIFIER = HCMUTE.Quizgame;
				PRODUCT_NAME = "$(TARGET_NAME)";
				SWIFT_VERSION = 3.0;
			};
			name = Release;
		};
/* End XCBuildConfiguration section */

/* Begin XCConfigurationList section */
		FBF9E2BE1E987CCF0077782E /* Build configuration list for PBXProject "Quizgame" */ = {
			isa = XCConfigurationList;
			buildConfigurations = (
				FBF9E2D31E987CCF0077782E /* Debug */,
				FBF9E2D41E987CCF0077782E /* Release */,
			);
			defaultConfigurationIsVisible = 0;
			defaultConfigurationName = Release;
		};
		FBF9E2D51E987CCF0077782E /* Build configuration list for PBXNativeTarget "Quizgame" */ = {
			isa = XCConfigurationList;
			buildConfigurations = (
				FBF9E2D61E987CCF0077782E /* Debug */,
				FBF9E2D71E987CCF0077782E /* Release */,
			);
			defaultConfigurationIsVisible = 0;
		};
/* End XCConfigurationList section */
	};
	rootObject = FBF9E2BB1E987CCF0077782E /* Project object */;
}
